
Microsoft Visual Studio Solution File, Format Version 12.00
# Visual Studio Version 17
VisualStudioVersion = 17.12.35527.113
MinimumVisualStudioVersion = 10.0.40219.1
Project("{FAE04EC0-301F-11D3-BF4B-00C04F79EFBC}") = "HybridApp.Manager", "HybridApp.Manager\HybridApp.Manager.csproj", "{3B146829-BA0B-4550-8EB1-3C796AFA1B7A}"
EndProject
Project("{2150E333-8FDC-42A3-9474-1A3956D46DE8}") = "HybridApp.Manager", "HybridApp.Manager", "{4A56D8E8-2C5E-4F83-84F0-C1200E7B8B10}"
EndProject
Project("{2150E333-8FDC-42A3-9474-1A3956D46DE8}") = "HybridApp.Host", "HybridApp.Host", "{68745F46-91FB-4E1C-8A4A-F1F50FB99EDD}"
EndProject
Project("{FAE04EC0-301F-11D3-BF4B-00C04F79EFBC}") = "HybridApp.Host", "HybridApp.Host\HybridApp.Host.csproj", "{B9AEC34F-9A29-47FB-B777-5E00A0EA6129}"
EndProject
Global
	GlobalSection(SolutionConfigurationPlatforms) = preSolution
		Debug|ARM64 = Debug|ARM64
		Debug|x64 = Debug|x64
		Debug|x86 = Debug|x86
		Release|ARM64 = Release|ARM64
		Release|x64 = Release|x64
		Release|x86 = Release|x86
	EndGlobalSection
	GlobalSection(ProjectConfigurationPlatforms) = postSolution
		{3B146829-BA0B-4550-8EB1-3C796AFA1B7A}.Debug|ARM64.ActiveCfg = Debug|ARM64
		{3B146829-BA0B-4550-8EB1-3C796AFA1B7A}.Debug|ARM64.Build.0 = Debug|ARM64
		{3B146829-BA0B-4550-8EB1-3C796AFA1B7A}.Debug|ARM64.Deploy.0 = Debug|ARM64
		{3B146829-BA0B-4550-8EB1-3C796AFA1B7A}.Debug|x64.ActiveCfg = Debug|x64
		{3B146829-BA0B-4550-8EB1-3C796AFA1B7A}.Debug|x64.Build.0 = Debug|x64
		{3B146829-BA0B-4550-8EB1-3C796AFA1B7A}.Debug|x64.Deploy.0 = Debug|x64
		{3B146829-BA0B-4550-8EB1-3C796AFA1B7A}.Debug|x86.ActiveCfg = Debug|x86
		{3B146829-BA0B-4550-8EB1-3C796AFA1B7A}.Debug|x86.Build.0 = Debug|x86
		{3B146829-BA0B-4550-8EB1-3C796AFA1B7A}.Debug|x86.Deploy.0 = Debug|x86
		{3B146829-BA0B-4550-8EB1-3C796AFA1B7A}.Release|ARM64.ActiveCfg = Release|ARM64
		{3B146829-BA0B-4550-8EB1-3C796AFA1B7A}.Release|ARM64.Build.0 = Release|ARM64
		{3B146829-BA0B-4550-8EB1-3C796AFA1B7A}.Release|ARM64.Deploy.0 = Release|ARM64
		{3B146829-BA0B-4550-8EB1-3C796AFA1B7A}.Release|x64.ActiveCfg = Release|x64
		{3B146829-BA0B-4550-8EB1-3C796AFA1B7A}.Release|x64.Build.0 = Release|x64
		{3B146829-BA0B-4550-8EB1-3C796AFA1B7A}.Release|x64.Deploy.0 = Release|x64
		{3B146829-BA0B-4550-8EB1-3C796AFA1B7A}.Release|x86.ActiveCfg = Release|x86
		{3B146829-BA0B-4550-8EB1-3C796AFA1B7A}.Release|x86.Build.0 = Release|x86
		{3B146829-BA0B-4550-8EB1-3C796AFA1B7A}.Release|x86.Deploy.0 = Release|x86
		{B9AEC34F-9A29-47FB-B777-5E00A0EA6129}.Debug|ARM64.ActiveCfg = Debug|ARM64
		{B9AEC34F-9A29-47FB-B777-5E00A0EA6129}.Debug|ARM64.Build.0 = Debug|ARM64
		{B9AEC34F-9A29-47FB-B777-5E00A0EA6129}.Debug|ARM64.Deploy.0 = Debug|ARM64
		{B9AEC34F-9A29-47FB-B777-5E00A0EA6129}.Debug|x64.ActiveCfg = Debug|x64
		{B9AEC34F-9A29-47FB-B777-5E00A0EA6129}.Debug|x64.Build.0 = Debug|x64
		{B9AEC34F-9A29-47FB-B777-5E00A0EA6129}.Debug|x64.Deploy.0 = Debug|x64
		{B9AEC34F-9A29-47FB-B777-5E00A0EA6129}.Debug|x86.ActiveCfg = Debug|x86
		{B9AEC34F-9A29-47FB-B777-5E00A0EA6129}.Debug|x86.Build.0 = Debug|x86
		{B9AEC34F-9A29-47FB-B777-5E00A0EA6129}.Debug|x86.Deploy.0 = Debug|x86
		{B9AEC34F-9A29-47FB-B777-5E00A0EA6129}.Release|ARM64.ActiveCfg = Release|ARM64
		{B9AEC34F-9A29-47FB-B777-5E00A0EA6129}.Release|ARM64.Build.0 = Release|ARM64
		{B9AEC34F-9A29-47FB-B777-5E00A0EA6129}.Release|ARM64.Deploy.0 = Release|ARM64
		{B9AEC34F-9A29-47FB-B777-5E00A0EA6129}.Release|x64.ActiveCfg = Release|x64
		{B9AEC34F-9A29-47FB-B777-5E00A0EA6129}.Release|x64.Build.0 = Release|x64
		{B9AEC34F-9A29-47FB-B777-5E00A0EA6129}.Release|x64.Deploy.0 = Release|x64
		{B9AEC34F-9A29-47FB-B777-5E00A0EA6129}.Release|x86.ActiveCfg = Release|x86
		{B9AEC34F-9A29-47FB-B777-5E00A0EA6129}.Release|x86.Build.0 = Release|x86
		{B9AEC34F-9A29-47FB-B777-5E00A0EA6129}.Release|x86.Deploy.0 = Release|x86
	EndGlobalSection
	GlobalSection(SolutionProperties) = preSolution
		HideSolutionNode = FALSE
	EndGlobalSection
	GlobalSection(NestedProjects) = preSolution
		{3B146829-BA0B-4550-8EB1-3C796AFA1B7A} = {4A56D8E8-2C5E-4F83-84F0-C1200E7B8B10}
		{B9AEC34F-9A29-47FB-B777-5E00A0EA6129} = {68745F46-91FB-4E1C-8A4A-F1F50FB99EDD}
	EndGlobalSection
EndGlobal
